# THIS IS AN AUTOGENERATED FILE. DO NOT EDIT THIS FILE DIRECTLY.
# yarn lockfile v1


react-keyboard-event-handler@^1.5.4:
  version "1.5.4"
  resolved "https://registry.yarnpkg.com/react-keyboard-event-handler/-/react-keyboard-event-handler-1.5.4.tgz#bd0ccafbf62a96f605ddac78828f22efc54181f0"
  integrity sha512-MSOxU/sQ5q9XWNHhXAJxzh4xVLZjKORGNC2Pzvx3qUo24TQeztGB0tq8oSArwX6vfKSIVijiw8wBmkN5pJOB4w==
